Microsoft Visual Studio Solution File, Format Version 12.00
# Visual Studio Version 17
VisualStudioVersion = 17.5.2.0
MinimumVisualStudioVersion = 10.0.40219.1
Project("{2150E333-8FDC-42A3-9474-1A3956D46DE8}") = "test", "test", "{0C88DD14-F956-CE84-757C-A364CCF449FC}"
EndProject
Project("{FAE04EC0-301F-11D3-BF4B-00C04F79EFBC}") = "dotnet", "test\dotnet\dotnet.csproj", "{34E1D78D-B09E-E47C-3825-426C249CD785}"
EndProject
Global
	GlobalSection(SolutionConfigurationPlatforms) = preSolution
		Debug|Any CPU = Debug|Any CPU
		Release|Any CPU = Release|Any CPU
	EndGlobalSection
	GlobalSection(ProjectConfigurationPlatforms) = postSolution
		{34E1D78D-B09E-E47C-3825-426C249CD785}.Debug|Any CPU.ActiveCfg = Debug|Any CPU
		{34E1D78D-B09E-E47C-3825-426C249CD785}.Debug|Any CPU.Build.0 = Debug|Any CPU
		{34E1D78D-B09E-E47C-3825-426C249CD785}.Release|Any CPU.ActiveCfg = Release|Any CPU
		{34E1D78D-B09E-E47C-3825-426C249CD785}.Release|Any CPU.Build.0 = Release|Any CPU
	EndGlobalSection
	GlobalSection(SolutionProperties) = preSolution
		HideSolutionNode = FALSE
	EndGlobalSection
	GlobalSection(NestedProjects) = preSolution
		{34E1D78D-B09E-E47C-3825-426C249CD785} = {0C88DD14-F956-CE84-757C-A364CCF449FC}
	EndGlobalSection
	GlobalSection(ExtensibilityGlobals) = postSolution
		SolutionGuid = {035287AD-970F-4D5C-9F81-97B0547C7C3B}
	EndGlobalSection
EndGlobal
